// !$*UTF8*$!
{
	archiveVersion = 1;
	classes = {
	};
	objectVersion = 46;
	objects = {

/* Begin PBXBuildFile section */
		1A1111261CD35A7D0082B659 /* 01_S.jpeg in Resources */ = {isa = PBXBuildFile; fileRef = 1A1111161CD35A7D0082B659 /* 01_S.jpeg */; };
		1A1111271CD35A7D0082B659 /* 02_S.jpeg in Resources */ = {isa = PBXBuildFile; fileRef = 1A1111171CD35A7D0082B659 /* 02_S.jpeg */; };
		1A1111281CD35A7D0082B659 /* 03_S.jpeg in Resources */ = {isa = PBXBuildFile; fileRef = 1A1111181CD35A7D0082B659 /* 03_S.jpeg */; };
		1A1111291CD35A7D0082B659 /* 04_S.jpeg in Resources */ = {isa = PBXBuildFile; fileRef = 1A1111191CD35A7D0082B659 /* 04_S.jpeg */; };
		1A11112A1CD35A7D0082B659 /* 05_S.jpeg in Resources */ = {isa = PBXBuildFile; fileRef = 1A11111A1CD35A7D0082B659 /* 05_S.jpeg */; };
		1A11112B1CD35A7D0082B659 /* 06_S.jpeg in Resources */ = {isa = PBXBuildFile; fileRef = 1A11111B1CD35A7D0082B659 /* 06_S.jpeg */; };
		1A11112C1CD35A7D0082B659 /* 07_S.jpeg in Resources */ = {isa = PBXBuildFile; fileRef = 1A11111C1CD35A7D0082B659 /* 07_S.jpeg */; };
		1A11112D1CD35A7D0082B659 /* 08_S.jpeg in Resources */ = {isa = PBXBuildFile; fileRef = 1A11111D1CD35A7D0082B659 /* 08_S.jpeg */; };
		1A11112E1CD35A7D0082B659 /* 09_S.jpeg in Resources */ = {isa = PBXBuildFile; fileRef = 1A11111E1CD35A7D0082B659 /* 09_S.jpeg */; };
		1A11112F1CD35A7D0082B659 /* 10_S.jpeg in Resources */ = {isa = PBXBuildFile; fileRef = 1A11111F1CD35A7D0082B659 /* 10_S.jpeg */; };
		1A1111301CD35A7D0082B659 /* 11_S.jpeg in Resources */ = {isa = PBXBuildFile; fileRef = 1A1111201CD35A7D0082B659 /* 11_S.jpeg */; };
		1A1111311CD35A7D0082B659 /* 12_S.jpeg in Resources */ = {isa = PBXBuildFile; fileRef = 1A1111211CD35A7D0082B659 /* 12_S.jpeg */; };
		1A1111321CD35A7D0082B659 /* 13_S.jpeg in Resources */ = {isa = PBXBuildFile; fileRef = 1A1111221CD35A7D0082B659 /* 13_S.jpeg */; };
		1A1111331CD35A7D0082B659 /* 14_S.jpeg in Resources */ = {isa = PBXBuildFile; fileRef = 1A1111231CD35A7D0082B659 /* 14_S.jpeg */; };
		1A1111341CD35A7D0082B659 /* 15_S.jpeg in Resources */ = {isa = PBXBuildFile; fileRef = 1A1111241CD35A7D0082B659 /* 15_S.jpeg */; };
		1A1111351CD35A7D0082B659 /* 16_S.jpeg in Resources */ = {isa = PBXBuildFile; fileRef = 1A1111251CD35A7D0082B659 /* 16_S.jpeg */; };
		1A1111371CD35B3B0082B659 /* CollectionViewCell.swift in Sources */ = {isa = PBXBuildFile; fileRef = 1A1111361CD35B3B0082B659 /* CollectionViewCell.swift */; };
		1A1111391CD362430082B659 /* CollectionviewDetailVC.swift in Sources */ = {isa = PBXBuildFile; fileRef = 1A1111381CD362430082B659 /* CollectionviewDetailVC.swift */; };
		1A11113B1CD363790082B659 /* CollectionViewModelTransVC.swift in Sources */ = {isa = PBXBuildFile; fileRef = 1A11113A1CD363790082B659 /* CollectionViewModelTransVC.swift */; };
		1A11113D1CD3664F0082B659 /* AJZoomViewController.framework in Frameworks */ = {isa = PBXBuildFile; fileRef = 1A11113C1CD3664F0082B659 /* AJZoomViewController.framework */; };
		1A11113F1CD366530082B659 /* Pods_AJZoomViewController_Tests.framework in Frameworks */ = {isa = PBXBuildFile; fileRef = 1A11113E1CD366530082B659 /* Pods_AJZoomViewController_Tests.framework */; };
		1A1111471CD3774D0082B659 /* AJZoomViewContoller.swift in Sources */ = {isa = PBXBuildFile; fileRef = 1A1111461CD3774D0082B659 /* AJZoomViewContoller.swift */; };
		607FACD61AFB9204008FA782 /* AppDelegate.swift in Sources */ = {isa = PBXBuildFile; fileRef = 607FACD51AFB9204008FA782 /* AppDelegate.swift */; };
		607FACD81AFB9204008FA782 /* CollectionViewController.swift in Sources */ = {isa = PBXBuildFile; fileRef = 607FACD71AFB9204008FA782 /* CollectionViewController.swift */; };
		607FACDB1AFB9204008FA782 /* Main.storyboard in Resources */ = {isa = PBXBuildFile; fileRef = 607FACD91AFB9204008FA782 /* Main.storyboard */; };
		607FACDD1AFB9204008FA782 /* Images.xcassets in Resources */ = {isa = PBXBuildFile; fileRef = 607FACDC1AFB9204008FA782 /* Images.xcassets */; };
		607FACE01AFB9204008FA782 /* LaunchScreen.xib in Resources */ = {isa = PBXBuildFile; fileRef = 607FACDE1AFB9204008FA782 /* LaunchScreen.xib */; };
		607FACEC1AFB9204008FA782 /* Tests.swift in Sources */ = {isa = PBXBuildFile; fileRef = 607FACEB1AFB9204008FA782 /* Tests.swift */; };
		996BAB1B75B39E7FC2EFFCB9 /* Pods_AJZoomViewController_Tests.framework in Frameworks */ = {isa = PBXBuildFile; fileRef = 5CD1658C8EFB9D355C553C0A /* Pods_AJZoomViewController_Tests.framework */; };
		EC000FFAFB9695A92808DAE5 /* Pods_AJZoomViewController_Example.framework in Frameworks */ = {isa = PBXBuildFile; fileRef = ED6DAEE6B0AF45348537AA12 /* Pods_AJZoomViewController_Example.framework */; };
/* End PBXBuildFile section */

/* Begin PBXContainerItemProxy section */
		607FACE61AFB9204008FA782 /* PBXContainerItemProxy */ = {
			isa = PBXContainerItemProxy;
			containerPortal = 607FACC81AFB9204008FA782 /* Project object */;
			proxyType = 1;
			remoteGlobalIDString = 607FACCF1AFB9204008FA782;
			remoteInfo = AJZoomViewController;
		};
/* End PBXContainerItemProxy section */

/* Begin PBXFileReference section */
		0367FCD5B5D5DA8F168E3912 /* LICENSE */ = {isa = PBXFileReference; includeInIndex = 1; lastKnownFileType = text; name = LICENSE; path = ../LICENSE; sourceTree = "<group>"; };
		1A1111161CD35A7D0082B659 /* 01_S.jpeg */ = {isa = PBXFileReference; lastKnownFileType = image.jpeg; name = 01_S.jpeg; path = S/01_S.jpeg; sourceTree = "<group>"; };
		1A1111171CD35A7D0082B659 /* 02_S.jpeg */ = {isa = PBXFileReference; lastKnownFileType = image.jpeg; name = 02_S.jpeg; path = S/02_S.jpeg; sourceTree = "<group>"; };
		1A1111181CD35A7D0082B659 /* 03_S.jpeg */ = {isa = PBXFileReference; lastKnownFileType = image.jpeg; name = 03_S.jpeg; path = S/03_S.jpeg; sourceTree = "<group>"; };
		1A1111191CD35A7D0082B659 /* 04_S.jpeg */ = {isa = PBXFileReference; lastKnownFileType = image.jpeg; name = 04_S.jpeg; path = S/04_S.jpeg; sourceTree = "<group>"; };
		1A11111A1CD35A7D0082B659 /* 05_S.jpeg */ = {isa = PBXFileReference; lastKnownFileType = image.jpeg; name = 05_S.jpeg; path = S/05_S.jpeg; sourceTree = "<group>"; };
		1A11111B1CD35A7D0082B659 /* 06_S.jpeg */ = {isa = PBXFileReference; lastKnownFileType = image.jpeg; name = 06_S.jpeg; path = S/06_S.jpeg; sourceTree = "<group>"; };
		1A11111C1CD35A7D0082B659 /* 07_S.jpeg */ = {isa = PBXFileReference; lastKnownFileType = image.jpeg; name = 07_S.jpeg; path = S/07_S.jpeg; sourceTree = "<group>"; };
		1A11111D1CD35A7D0082B659 /* 08_S.jpeg */ = {isa = PBXFileReference; lastKnownFileType = image.jpeg; name = 08_S.jpeg; path = S/08_S.jpeg; sourceTree = "<group>"; };
		1A11111E1CD35A7D0082B659 /* 09_S.jpeg */ = {isa = PBXFileReference; lastKnownFileType = image.jpeg; name = 09_S.jpeg; path = S/09_S.jpeg; sourceTree = "<group>"; };
		1A11111F1CD35A7D0082B659 /* 10_S.jpeg */ = {isa = PBXFileReference; lastKnownFileType = image.jpeg; name = 10_S.jpeg; path = S/10_S.jpeg; sourceTree = "<group>"; };
		1A1111201CD35A7D0082B659 /* 11_S.jpeg */ = {isa = PBXFileReference; lastKnownFileType = image.jpeg; name = 11_S.jpeg; path = S/11_S.jpeg; sourceTree = "<group>"; };
		1A1111211CD35A7D0082B659 /* 12_S.jpeg */ = {isa = PBXFileReference; lastKnownFileType = image.jpeg; name = 12_S.jpeg; path = S/12_S.jpeg; sourceTree = "<group>"; };
		1A1111221CD35A7D0082B659 /* 13_S.jpeg */ = {isa = PBXFileReference; lastKnownFileType = image.jpeg; name = 13_S.jpeg; path = S/13_S.jpeg; sourceTree = "<group>"; };
		1A1111231CD35A7D0082B659 /* 14_S.jpeg */ = {isa = PBXFileReference; lastKnownFileType = image.jpeg; name = 14_S.jpeg; path = S/14_S.jpeg; sourceTree = "<group>"; };
		1A1111241CD35A7D0082B659 /* 15_S.jpeg */ = {isa = PBXFileReference; lastKnownFileType = image.jpeg; name = 15_S.jpeg; path = S/15_S.jpeg; sourceTree = "<group>"; };
		1A1111251CD35A7D0082B659 /* 16_S.jpeg */ = {isa = PBXFileReference; lastKnownFileType = image.jpeg; name = 16_S.jpeg; path = S/16_S.jpeg; sourceTree = "<group>"; };
		1A1111361CD35B3B0082B659 /* CollectionViewCell.swift */ = {isa = PBXFileReference; fileEncoding = 4; lastKnownFileType = sourcecode.swift; path = CollectionViewCell.swift; sourceTree = "<group>"; };
		1A1111381CD362430082B659 /* CollectionviewDetailVC.swift */ = {isa = PBXFileReference; fileEncoding = 4; lastKnownFileType = sourcecode.swift; path = CollectionviewDetailVC.swift; sourceTree = "<group>"; };
		1A11113A1CD363790082B659 /* CollectionViewModelTransVC.swift */ = {isa = PBXFileReference; fileEncoding = 4; lastKnownFileType = sourcecode.swift; path = CollectionViewModelTransVC.swift; sourceTree = "<group>"; };
		1A11113C1CD3664F0082B659 /* AJZoomViewController.framework */ = {isa = PBXFileReference; lastKnownFileType = wrapper.framework; name = AJZoomViewController.framework; path = "Pods/../build/Debug-iphoneos/AJZoomViewController.framework"; sourceTree = "<group>"; };
		1A11113E1CD366530082B659 /* Pods_AJZoomViewController_Tests.framework */ = {isa = PBXFileReference; lastKnownFileType = wrapper.framework; name = Pods_AJZoomViewController_Tests.framework; path = "Pods/../build/Debug-iphoneos/Pods_AJZoomViewController_Tests.framework"; sourceTree = "<group>"; };
		1A1111461CD3774D0082B659 /* AJZoomViewContoller.swift */ = {isa = PBXFileReference; lastKnownFileType = sourcecode.swift; name = AJZoomViewContoller.swift; path = ../AJZoomViewController/Classes/AJZoomViewContoller.swift; sourceTree = "<group>"; };
		2C5FDFCD09858FE3D897F8C9 /* Pods-AJZoomViewController_Tests.release.xcconfig */ = {isa = PBXFileReference; includeInIndex = 1; lastKnownFileType = text.xcconfig; name = "Pods-AJZoomViewController_Tests.release.xcconfig"; path = "Pods/Target Support Files/Pods-AJZoomViewController_Tests/Pods-AJZoomViewController_Tests.release.xcconfig"; sourceTree = "<group>"; };
		47CA97E943FD9A1A3F20AF27 /* README.md */ = {isa = PBXFileReference; includeInIndex = 1; lastKnownFileType = net.daringfireball.markdown; name = README.md; path = ../README.md; sourceTree = "<group>"; };
		4E0CA242D7294BE9FF6D9E1B /* Pods-AJZoomViewController_Example.debug.xcconfig */ = {isa = PBXFileReference; includeInIndex = 1; lastKnownFileType = text.xcconfig; name = "Pods-AJZoomViewController_Example.debug.xcconfig"; path = "Pods/Target Support Files/Pods-AJZoomViewController_Example/Pods-AJZoomViewController_Example.debug.xcconfig"; sourceTree = "<group>"; };
		5CD1658C8EFB9D355C553C0A /* Pods_AJZoomViewController_Tests.framework */ = {isa = PBXFileReference; explicitFileType = wrapper.framework; includeInIndex = 0; path = Pods_AJZoomViewController_Tests.framework; sourceTree = BUILT_PRODUCTS_DIR; };
		607FACD01AFB9204008FA782 /* AJZoomViewController_Example.app */ = {isa = PBXFileReference; explicitFileType = wrapper.application; includeInIndex = 0; path = AJZoomViewController_Example.app; sourceTree = BUILT_PRODUCTS_DIR; };
		607FACD41AFB9204008FA782 /* Info.plist */ = {isa = PBXFileReference; lastKnownFileType = text.plist.xml; path = Info.plist; sourceTree = "<group>"; };
		607FACD51AFB9204008FA782 /* AppDelegate.swift */ = {isa = PBXFileReference; lastKnownFileType = sourcecode.swift; path = AppDelegate.swift; sourceTree = "<group>"; };
		607FACD71AFB9204008FA782 /* CollectionViewController.swift */ = {isa = PBXFileReference; lastKnownFileType = sourcecode.swift; path = CollectionViewController.swift; sourceTree = "<group>"; };
		607FACDA1AFB9204008FA782 /* Base */ = {isa = PBXFileReference; lastKnownFileType = file.storyboard; name = Base; path = Base.lproj/Main.storyboard; sourceTree = "<group>"; };
		607FACDC1AFB9204008FA782 /* Images.xcassets */ = {isa = PBXFileReference; lastKnownFileType = folder.assetcatalog; path = Images.xcassets; sourceTree = "<group>"; };
		607FACDF1AFB9204008FA782 /* Base */ = {isa = PBXFileReference; lastKnownFileType = file.xib; name = Base; path = Base.lproj/LaunchScreen.xib; sourceTree = "<group>"; };
		607FACE51AFB9204008FA782 /* AJZoomViewController_Tests.xctest */ = {isa = PBXFileReference; explicitFileType = wrapper.cfbundle; includeInIndex = 0; path = AJZoomViewController_Tests.xctest; sourceTree = BUILT_PRODUCTS_DIR; };
		607FACEA1AFB9204008FA782 /* Info.plist */ = {isa = PBXFileReference; lastKnownFileType = text.plist.xml; path = Info.plist; sourceTree = "<group>"; };
		607FACEB1AFB9204008FA782 /* Tests.swift */ = {isa = PBXFileReference; lastKnownFileType = sourcecode.swift; path = Tests.swift; sourceTree = "<group>"; };
		66E4F0E445F11E9E147C935D /* Pods-AJZoomViewController_Tests.debug.xcconfig */ = {isa = PBXFileReference; includeInIndex = 1; lastKnownFileType = text.xcconfig; name = "Pods-AJZoomViewController_Tests.debug.xcconfig"; path = "Pods/Target Support Files/Pods-AJZoomViewController_Tests/Pods-AJZoomViewController_Tests.debug.xcconfig"; sourceTree = "<group>"; };
		7866A709FD334A8C8610A676 /* Pods-AJZoomViewController_Example.release.xcconfig */ = {isa = PBXFileReference; includeInIndex = 1; lastKnownFileType = text.xcconfig; name = "Pods-AJZoomViewController_Example.release.xcconfig"; path = "Pods/Target Support Files/Pods-AJZoomViewController_Example/Pods-AJZoomViewController_Example.release.xcconfig"; sourceTree = "<group>"; };
		ED6DAEE6B0AF45348537AA12 /* Pods_AJZoomViewController_Example.framework */ = {isa = PBXFileReference; explicitFileType = wrapper.framework; includeInIndex = 0; path = Pods_AJZoomViewController_Example.framework; sourceTree = BUILT_PRODUCTS_DIR; };
		F7792015F88C43CF97A42196 /* AJZoomViewController.podspec */ = {isa = PBXFileReference; includeInIndex = 1; lastKnownFileType = text; name = AJZoomViewController.podspec; path = ../AJZoomViewController.podspec; sourceTree = "<group>"; };
/* End PBXFileReference section */

/* Begin PBXFrameworksBuildPhase section */
		607FACCD1AFB9204008FA782 /* Frameworks */ = {
			isa = PBXFrameworksBuildPhase;
			buildActionMask = 2147483647;
			files = (
				1A11113F1CD366530082B659 /* Pods_AJZoomViewController_Tests.framework in Frameworks */,
				1A11113D1CD3664F0082B659 /* AJZoomViewController.framework in Frameworks */,
				EC000FFAFB9695A92808DAE5 /* Pods_AJZoomViewController_Example.framework in Frameworks */,
			);
			runOnlyForDeploymentPostprocessing = 0;
		};
		607FACE21AFB9204008FA782 /* Frameworks */ = {
			isa = PBXFrameworksBuildPhase;
			buildActionMask = 2147483647;
			files = (
				996BAB1B75B39E7FC2EFFCB9 /* Pods_AJZoomViewController_Tests.framework in Frameworks */,
			);
			runOnlyForDeploymentPostprocessing = 0;
		};
/* End PBXFrameworksBuildPhase section */

/* Begin PBXGroup section */
		1A1111151CD35A580082B659 /* S */ = {
			isa = PBXGroup;
			children = (
				1A1111161CD35A7D0082B659 /* 01_S.jpeg */,
				1A1111171CD35A7D0082B659 /* 02_S.jpeg */,
				1A1111181CD35A7D0082B659 /* 03_S.jpeg */,
				1A1111191CD35A7D0082B659 /* 04_S.jpeg */,
				1A11111A1CD35A7D0082B659 /* 05_S.jpeg */,
				1A11111B1CD35A7D0082B659 /* 06_S.jpeg */,
				1A11111C1CD35A7D0082B659 /* 07_S.jpeg */,
				1A11111D1CD35A7D0082B659 /* 08_S.jpeg */,
				1A11111E1CD35A7D0082B659 /* 09_S.jpeg */,
				1A11111F1CD35A7D0082B659 /* 10_S.jpeg */,
				1A1111201CD35A7D0082B659 /* 11_S.jpeg */,
				1A1111211CD35A7D0082B659 /* 12_S.jpeg */,
				1A1111221CD35A7D0082B659 /* 13_S.jpeg */,
				1A1111231CD35A7D0082B659 /* 14_S.jpeg */,
				1A1111241CD35A7D0082B659 /* 15_S.jpeg */,
				1A1111251CD35A7D0082B659 /* 16_S.jpeg */,
			);
			name = S;
			sourceTree = "<group>";
		};
		3FFE91AA69C28A6A0D8A9869 /* Pods */ = {
			isa = PBXGroup;
			children = (
				4E0CA242D7294BE9FF6D9E1B /* Pods-AJZoomViewController_Example.debug.xcconfig */,
				7866A709FD334A8C8610A676 /* Pods-AJZoomViewController_Example.release.xcconfig */,
				66E4F0E445F11E9E147C935D /* Pods-AJZoomViewController_Tests.debug.xcconfig */,
				2C5FDFCD09858FE3D897F8C9 /* Pods-AJZoomViewController_Tests.release.xcconfig */,
			);
			name = Pods;
			sourceTree = "<group>";
		};
		607FACC71AFB9204008FA782 = {
			isa = PBXGroup;
			children = (
				1A1111461CD3774D0082B659 /* AJZoomViewContoller.swift */,
				607FACF51AFB993E008FA782 /* Podspec Metadata */,
				607FACD21AFB9204008FA782 /* Example for AJZoomViewController */,
				607FACE81AFB9204008FA782 /* Tests */,
				607FACD11AFB9204008FA782 /* Products */,
				3FFE91AA69C28A6A0D8A9869 /* Pods */,
				C984E48E4318357018E281CB /* Frameworks */,
			);
			sourceTree = "<group>";
		};
		607FACD11AFB9204008FA782 /* Products */ = {
			isa = PBXGroup;
			children = (
				607FACD01AFB9204008FA782 /* AJZoomViewController_Example.app */,
				607FACE51AFB9204008FA782 /* AJZoomViewController_Tests.xctest */,
			);
			name = Products;
			sourceTree = "<group>";
		};
		607FACD21AFB9204008FA782 /* Example for AJZoomViewController */ = {
			isa = PBXGroup;
			children = (
				1A1111151CD35A580082B659 /* S */,
				607FACD51AFB9204008FA782 /* AppDelegate.swift */,
				607FACD71AFB9204008FA782 /* CollectionViewController.swift */,
				1A1111361CD35B3B0082B659 /* CollectionViewCell.swift */,
				1A11113A1CD363790082B659 /* CollectionViewModelTransVC.swift */,
				1A1111381CD362430082B659 /* CollectionviewDetailVC.swift */,
				607FACD91AFB9204008FA782 /* Main.storyboard */,
				607FACDC1AFB9204008FA782 /* Images.xcassets */,
				607FACDE1AFB9204008FA782 /* LaunchScreen.xib */,
				607FACD31AFB9204008FA782 /* Supporting Files */,
			);
			name = "Example for AJZoomViewController";
			path = AJZoomViewController;
			sourceTree = "<group>";
		};
		607FACD31AFB9204008FA782 /* Supporting Files */ = {
			isa = PBXGroup;
			children = (
				607FACD41AFB9204008FA782 /* Info.plist */,
			);
			name = "Supporting Files";
			sourceTree = "<group>";
		};
		607FACE81AFB9204008FA782 /* Tests */ = {
			isa = PBXGroup;
			children = (
				607FACEB1AFB9204008FA782 /* Tests.swift */,
				607FACE91AFB9204008FA782 /* Supporting Files */,
			);
			path = Tests;
			sourceTree = "<group>";
		};
		607FACE91AFB9204008FA782 /* Supporting Files */ = {
			isa = PBXGroup;
			children = (
				607FACEA1AFB9204008FA782 /* Info.plist */,
			);
			name = "Supporting Files";
			sourceTree = "<group>";
		};
		607FACF51AFB993E008FA782 /* Podspec Metadata */ = {
			isa = PBXGroup;
			children = (
				F7792015F88C43CF97A42196 /* AJZoomViewController.podspec */,
				47CA97E943FD9A1A3F20AF27 /* README.md */,
				0367FCD5B5D5DA8F168E3912 /* LICENSE */,
			);
			name = "Podspec Metadata";
			sourceTree = "<group>";
		};
		C984E48E4318357018E281CB /* Frameworks */ = {
			isa = PBXGroup;
			children = (
				1A11113E1CD366530082B659 /* Pods_AJZoomViewController_Tests.framework */,
				1A11113C1CD3664F0082B659 /* AJZoomViewController.framework */,
				ED6DAEE6B0AF45348537AA12 /* Pods_AJZoomViewController_Example.framework */,
				5CD1658C8EFB9D355C553C0A /* Pods_AJZoomViewController_Tests.framework */,
			);
			name = Frameworks;
			sourceTree = "<group>";
		};
/* End PBXGroup section */

/* Begin PBXNativeTarget section */
		607FACCF1AFB9204008FA782 /* AJZoomViewController_Example */ = {
			isa = PBXNativeTarget;
			buildConfigurationList = 607FACEF1AFB9204008FA782 /* Build configuration list for PBXNativeTarget "AJZoomViewController_Example" */;
			buildPhases = (
				09118351FCF5400286B4319A /* Check Pods Manifest.lock */,
				607FACCC1AFB9204008FA782 /* Sources */,
				607FACCD1AFB9204008FA782 /* Frameworks */,
				607FACCE1AFB9204008FA782 /* Resources */,
				6C9A99A2B9189C60697DE791 /* Embed Pods Frameworks */,
				B87B50A391AF578A1C3D6D7E /* Copy Pods Resources */,
			);
			buildRules = (
			);
			dependencies = (
			);
			name = AJZoomViewController_Example;
			productName = AJZoomViewController;
			productReference = 607FACD01AFB9204008FA782 /* AJZoomViewController_Example.app */;
			productType = "com.apple.product-type.application";
		};
		607FACE41AFB9204008FA782 /* AJZoomViewController_Tests */ = {
			isa = PBXNativeTarget;
			buildConfigurationList = 607FACF21AFB9204008FA782 /* Build configuration list for PBXNativeTarget "AJZoomViewController_Tests" */;
			buildPhases = (
				6B5DFCD7FB978513F1976DA7 /* Check Pods Manifest.lock */,
				607FACE11AFB9204008FA782 /* Sources */,
				607FACE21AFB9204008FA782 /* Frameworks */,
				607FACE31AFB9204008FA782 /* Resources */,
				A425117476C6D1B04824FC5A /* Embed Pods Frameworks */,
				6E482DBAF4E68A5E23B9DEA9 /* Copy Pods Resources */,
			);
			buildRules = (
			);
			dependencies = (
				607FACE71AFB9204008FA782 /* PBXTargetDependency */,
			);
			name = AJZoomViewController_Tests;
			productName = Tests;
			productReference = 607FACE51AFB9204008FA782 /* AJZoomViewController_Tests.xctest */;
			productType = "com.apple.product-type.bundle.unit-test";
		};
/* End PBXNativeTarget section */

/* Begin PBXProject section */
		607FACC81AFB9204008FA782 /* Project object */ = {
			isa = PBXProject;
			attributes = {
				LastSwiftUpdateCheck = 0720;
				LastUpgradeCheck = 0720;
				ORGANIZATIONNAME = CocoaPods;
				TargetAttributes = {
					607FACCF1AFB9204008FA782 = {
						CreatedOnToolsVersion = 6.3.1;
					};
					607FACE41AFB9204008FA782 = {
						CreatedOnToolsVersion = 6.3.1;
						TestTargetID = 607FACCF1AFB9204008FA782;
					};
				};
			};
			buildConfigurationList = 607FACCB1AFB9204008FA782 /* Build configuration list for PBXProject "AJZoomViewController" */;
			compatibilityVersion = "Xcode 3.2";
			developmentRegion = English;
			hasScannedForEncodings = 0;
			knownRegions = (
				en,
				Base,
			);
			mainGroup = 607FACC71AFB9204008FA782;
			productRefGroup = 607FACD11AFB9204008FA782 /* Products */;
			projectDirPath = "";
			projectRoot = "";
			targets = (
				607FACCF1AFB9204008FA782 /* AJZoomViewController_Example */,
				607FACE41AFB9204008FA782 /* AJZoomViewController_Tests */,
			);
		};
/* End PBXProject section */

/* Begin PBXResourcesBuildPhase section */
		607FACCE1AFB9204008FA782 /* Resources */ = {
			isa = PBXResourcesBuildPhase;
			buildActionMask = 2147483647;
			files = (
				1A1111281CD35A7D0082B659 /* 03_S.jpeg in Resources */,
				1A1111311CD35A7D0082B659 /* 12_S.jpeg in Resources */,
				1A1111261CD35A7D0082B659 /* 01_S.jpeg in Resources */,
				1A1111321CD35A7D0082B659 /* 13_S.jpeg in Resources */,
				607FACDB1AFB9204008FA782 /* Main.storyboard in Resources */,
				1A1111351CD35A7D0082B659 /* 16_S.jpeg in Resources */,
				1A1111291CD35A7D0082B659 /* 04_S.jpeg in Resources */,
				1A11112C1CD35A7D0082B659 /* 07_S.jpeg in Resources */,
				1A11112F1CD35A7D0082B659 /* 10_S.jpeg in Resources */,
				1A11112A1CD35A7D0082B659 /* 05_S.jpeg in Resources */,
				607FACE01AFB9204008FA782 /* LaunchScreen.xib in Resources */,
				1A11112D1CD35A7D0082B659 /* 08_S.jpeg in Resources */,
				1A1111301CD35A7D0082B659 /* 11_S.jpeg in Resources */,
				1A11112E1CD35A7D0082B659 /* 09_S.jpeg in Resources */,
				1A11112B1CD35A7D0082B659 /* 06_S.jpeg in Resources */,
				607FACDD1AFB9204008FA782 /* Images.xcassets in Resources */,
				1A1111341CD35A7D0082B659 /* 15_S.jpeg in Resources */,
				1A1111271CD35A7D0082B659 /* 02_S.jpeg in Resources */,
				1A1111331CD35A7D0082B659 /* 14_S.jpeg in Resources */,
			);
			runOnlyForDeploymentPostprocessing = 0;
		};
		607FACE31AFB9204008FA782 /* Resources */ = {
			isa = PBXResourcesBuildPhase;
			buildActionMask = 2147483647;
			files = (
			);
			runOnlyForDeploymentPostprocessing = 0;
		};
/* End PBXResourcesBuildPhase section */

/* Begin PBXShellScriptBuildPhase section */
		09118351FCF5400286B4319A /* Check Pods Manifest.lock */ = {
			isa = PBXShellScriptBuildPhase;
			buildActionMask = 2147483647;
			files = (
			);
			inputPaths = (
			);
			name = "Check Pods Manifest.lock";
			outputPaths = (
			);
			runOnlyForDeploymentPostprocessing = 0;
			shellPath = /bin/sh;
			shellScript = "diff \"${PODS_ROOT}/../Podfile.lock\" \"${PODS_ROOT}/Manifest.lock\" > /dev/null\nif [[ $? != 0 ]] ; then\n    cat << EOM\nerror: The sandbox is not in sync with the Podfile.lock. Run 'pod install' or update your CocoaPods installation.\nEOM\n    exit 1\nfi\n";
			showEnvVarsInLog = 0;
		};
		6B5DFCD7FB978513F1976DA7 /* Check Pods Manifest.lock */ = {
			isa = PBXShellScriptBuildPhase;
			buildActionMask = 2147483647;
			files = (
			);
			inputPaths = (
			);
			name = "Check Pods Manifest.lock";
			outputPaths = (
			);
			runOnlyForDeploymentPostprocessing = 0;
			shellPath = /bin/sh;
			shellScript = "diff \"${PODS_ROOT}/../Podfile.lock\" \"${PODS_ROOT}/Manifest.lock\" > /dev/null\nif [[ $? != 0 ]] ; then\n    cat << EOM\nerror: The sandbox is not in sync with the Podfile.lock. Run 'pod install' or update your CocoaPods installation.\nEOM\n    exit 1\nfi\n";
			showEnvVarsInLog = 0;
		};
		6C9A99A2B9189C60697DE791 /* Embed Pods Frameworks */ = {
			isa = PBXShellScriptBuildPhase;
			buildActionMask = 2147483647;
			files = (
			);
			inputPaths = (
			);
			name = "Embed Pods Frameworks";
			outputPaths = (
			);
			runOnlyForDeploymentPostprocessing = 0;
			shellPath = /bin/sh;
			shellScript = "\"${SRCROOT}/Pods/Target Support Files/Pods-AJZoomViewController_Example/Pods-AJZoomViewController_Example-frameworks.sh\"\n";
			showEnvVarsInLog = 0;
		};
		6E482DBAF4E68A5E23B9DEA9 /* Copy Pods Resources */ = {
			isa = PBXShellScriptBuildPhase;
			buildActionMask = 2147483647;
			files = (
			);
			inputPaths = (
			);
			name = "Copy Pods Resources";
			outputPaths = (
			);
			runOnlyForDeploymentPostprocessing = 0;
			shellPath = /bin/sh;
			shellScript = "\"${SRCROOT}/Pods/Target Support Files/Pods-AJZoomViewController_Tests/Pods-AJZoomViewController_Tests-resources.sh\"\n";
			showEnvVarsInLog = 0;
		};
		A425117476C6D1B04824FC5A /* Embed Pods Frameworks */ = {
			isa = PBXShellScriptBuildPhase;
			buildActionMask = 2147483647;
			files = (
			);
			inputPaths = (
			);
			name = "Embed Pods Frameworks";
			outputPaths = (
			);
			runOnlyForDeploymentPostprocessing = 0;
			shellPath = /bin/sh;
			shellScript = "\"${SRCROOT}/Pods/Target Support Files/Pods-AJZoomViewController_Tests/Pods-AJZoomViewController_Tests-frameworks.sh\"\n";
			showEnvVarsInLog = 0;
		};
		B87B50A391AF578A1C3D6D7E /* Copy Pods Resources */ = {
			isa = PBXShellScriptBuildPhase;
			buildActionMask = 2147483647;
			files = (
			);
			inputPaths = (
			);
			name = "Copy Pods Resources";
			outputPaths = (
			);
			runOnlyForDeploymentPostprocessing = 0;
			shellPath = /bin/sh;
			shellScript = "\"${SRCROOT}/Pods/Target Support Files/Pods-AJZoomViewController_Example/Pods-AJZoomViewController_Example-resources.sh\"\n";
			showEnvVarsInLog = 0;
		};
/* End PBXShellScriptBuildPhase section */

/* Begin PBXSourcesBuildPhase section */
		607FACCC1AFB9204008FA782 /* Sources */ = {
			isa = PBXSourcesBuildPhase;
			buildActionMask = 2147483647;
			files = (
				1A1111471CD3774D0082B659 /* AJZoomViewContoller.swift in Sources */,
				607FACD81AFB9204008FA782 /* CollectionViewController.swift in Sources */,
				607FACD61AFB9204008FA782 /* AppDelegate.swift in Sources */,
				1A1111391CD362430082B659 /* CollectionviewDetailVC.swift in Sources */,
				1A11113B1CD363790082B659 /* CollectionViewModelTransVC.swift in Sources */,
				1A1111371CD35B3B0082B659 /* CollectionViewCell.swift in Sources */,
			);
			runOnlyForDeploymentPostprocessing = 0;
		};
		607FACE11AFB9204008FA782 /* Sources */ = {
			isa = PBXSourcesBuildPhase;
			buildActionMask = 2147483647;
			files = (
				607FACEC1AFB9204008FA782 /* Tests.swift in Sources */,
			);
			runOnlyForDeploymentPostprocessing = 0;
		};
/* End PBXSourcesBuildPhase section */

/* Begin PBXTargetDependency section */
		607FACE71AFB9204008FA782 /* PBXTargetDependency */ = {
			isa = PBXTargetDependency;
			target = 607FACCF1AFB9204008FA782 /* AJZoomViewController_Example */;
			targetProxy = 607FACE61AFB9204008FA782 /* PBXContainerItemProxy */;
		};
/* End PBXTargetDependency section */

/* Begin PBXVariantGroup section */
		607FACD91AFB9204008FA782 /* Main.storyboard */ = {
			isa = PBXVariantGroup;
			children = (
				607FACDA1AFB9204008FA782 /* Base */,
			);
			name = Main.storyboard;
			sourceTree = "<group>";
		};
		607FACDE1AFB9204008FA782 /* LaunchScreen.xib */ = {
			isa = PBXVariantGroup;
			children = (
				607FACDF1AFB9204008FA782 /* Base */,
			);
			name = LaunchScreen.xib;
			sourceTree = "<group>";
		};
/* End PBXVariantGroup section */

/* Begin XCBuildConfiguration section */
		607FACED1AFB9204008FA782 /* Debug */ = {
			isa = XCBuildConfiguration;
			buildSettings = {
				ALWAYS_SEARCH_USER_PATHS = NO;
				CLANG_CXX_LANGUAGE_STANDARD = "gnu++0x";
				CLANG_CXX_LIBRARY = "libc++";
				CLANG_ENABLE_MODULES = YES;
				CLANG_ENABLE_OBJC_ARC = YES;
				CLANG_WARN_BOOL_CONVERSION = YES;
				CLANG_WARN_CONSTANT_CONVERSION = YES;
				CLANG_WARN_DIRECT_OBJC_ISA_USAGE = YES_ERROR;
				CLANG_WARN_EMPTY_BODY = YES;
				CLANG_WARN_ENUM_CONVERSION = YES;
				CLANG_WARN_INT_CONVERSION = YES;
				CLANG_WARN_OBJC_ROOT_CLASS = YES_ERROR;
				CLANG_WARN_UNREACHABLE_CODE = YES;
				CLANG_WARN__DUPLICATE_METHOD_MATCH = YES;
				"CODE_SIGN_IDENTITY[sdk=iphoneos*]" = "iPhone Developer";
				COPY_PHASE_STRIP = NO;
				DEBUG_INFORMATION_FORMAT = "dwarf-with-dsym";
				ENABLE_STRICT_OBJC_MSGSEND = YES;
				ENABLE_TESTABILITY = YES;
				GCC_C_LANGUAGE_STANDARD = gnu99;
				GCC_DYNAMIC_NO_PIC = NO;
				GCC_NO_COMMON_BLOCKS = YES;
				GCC_OPTIMIZATION_LEVEL = 0;
				GCC_PREPROCESSOR_DEFINITIONS = (
					"DEBUG=1",
					"$(inherited)",
				);
				GCC_SYMBOLS_PRIVATE_EXTERN = NO;
				GCC_WARN_64_TO_32_BIT_CONVERSION = YES;
				GCC_WARN_ABOUT_RETURN_TYPE = YES_ERROR;
				GCC_WARN_UNDECLARED_SELECTOR = YES;
				GCC_WARN_UNINITIALIZED_AUTOS = YES_AGGRESSIVE;
				GCC_WARN_UNUSED_FUNCTION = YES;
				GCC_WARN_UNUSED_VARIABLE = YES;
				IPHONEOS_DEPLOYMENT_TARGET = 8.3;
				MTL_ENABLE_DEBUG_INFO = YES;
				ONLY_ACTIVE_ARCH = YES;
				SDKROOT = iphoneos;
				SWIFT_OPTIMIZATION_LEVEL = "-Onone";
			};
			name = Debug;
		};
		607FACEE1AFB9204008FA782 /* Release */ = {
			isa = XCBuildConfiguration;
			buildSettings = {
				ALWAYS_SEARCH_USER_PATHS = NO;
				CLANG_CXX_LANGUAGE_STANDARD = "gnu++0x";
				CLANG_CXX_LIBRARY = "libc++";
				CLANG_ENABLE_MODULES = YES;
				CLANG_ENABLE_OBJC_ARC = YES;
				CLANG_WARN_BOOL_CONVERSION = YES;
				CLANG_WARN_CONSTANT_CONVERSION = YES;
				CLANG_WARN_DIRECT_OBJC_ISA_USAGE = YES_ERROR;
				CLANG_WARN_EMPTY_BODY = YES;
				CLANG_WARN_ENUM_CONVERSION = YES;
				CLANG_WARN_INT_CONVERSION = YES;
				CLANG_WARN_OBJC_ROOT_CLASS = YES_ERROR;
				CLANG_WARN_UNREACHABLE_CODE = YES;
				CLANG_WARN__DUPLICATE_METHOD_MATCH = YES;
				"CODE_SIGN_IDENTITY[sdk=iphoneos*]" = "iPhone Developer";
				COPY_PHASE_STRIP = NO;
				DEBUG_INFORMATION_FORMAT = "dwarf-with-dsym";
				ENABLE_NS_ASSERTIONS = NO;
				ENABLE_STRICT_OBJC_MSGSEND = YES;
				GCC_C_LANGUAGE_STANDARD = gnu99;
				GCC_NO_COMMON_BLOCKS = YES;
				GCC_WARN_64_TO_32_BIT_CONVERSION = YES;
				GCC_WARN_ABOUT_RETURN_TYPE = YES_ERROR;
				GCC_WARN_UNDECLARED_SELECTOR = YES;
				GCC_WARN_UNINITIALIZED_AUTOS = YES_AGGRESSIVE;
				GCC_WARN_UNUSED_FUNCTION = YES;
				GCC_WARN_UNUSED_VARIABLE = YES;
				IPHONEOS_DEPLOYMENT_TARGET = 8.3;
				MTL_ENABLE_DEBUG_INFO = NO;
				SDKROOT = iphoneos;
				VALIDATE_PRODUCT = YES;
			};
			name = Release;
		};
		607FACF01AFB9204008FA782 /* Debug */ = {
			isa = XCBuildConfiguration;
			baseConfigurationReference = 4E0CA242D7294BE9FF6D9E1B /* Pods-AJZoomViewController_Example.debug.xcconfig */;
			buildSettings = {
				ASSETCATALOG_COMPILER_APPICON_NAME = AppIcon;
				FRAMEWORK_SEARCH_PATHS = (
					"$(inherited)",
					"$(PROJECT_DIR)/build/Debug-iphoneos",
				);
				INFOPLIST_FILE = AJZoomViewController/Info.plist;
				LD_RUNPATH_SEARCH_PATHS = "$(inherited) @executable_path/Frameworks";
				MODULE_NAME = ExampleApp;
				PRODUCT_BUNDLE_IDENTIFIER = "org.cocoapods.demo.$(PRODUCT_NAME:rfc1034identifier)";
				PRODUCT_NAME = "$(TARGET_NAME)";
			};
			name = Debug;
		};
		607FACF11AFB9204008FA782 /* Release */ = {
			isa = XCBuildConfiguration;
			baseConfigurationReference = 7866A709FD334A8C8610A676 /* Pods-AJZoomViewController_Example.release.xcconfig */;
			buildSettings = {
				ASSETCATALOG_COMPILER_APPICON_NAME = AppIcon;
				FRAMEWORK_SEARCH_PATHS = (
					"$(inherited)",
					"$(PROJECT_DIR)/build/Debug-iphoneos",
				);
				INFOPLIST_FILE = AJZoomViewController/Info.plist;
				LD_RUNPATH_SEARCH_PATHS = "$(inherited) @executable_path/Frameworks";
				MODULE_NAME = ExampleApp;
				PRODUCT_BUNDLE_IDENTIFIER = "org.cocoapods.demo.$(PRODUCT_NAME:rfc1034identifier)";
				PRODUCT_NAME = "$(TARGET_NAME)";
			};
			name = Release;
		};
		607FACF31AFB9204008FA782 /* Debug */ = {
			isa = XCBuildConfiguration;
			baseConfigurationReference = 66E4F0E445F11E9E147C935D /* Pods-AJZoomViewController_Tests.debug.xcconfig */;
			buildSettings = {
				FRAMEWORK_SEARCH_PATHS = (
					"$(SDKROOT)/Developer/Library/Frameworks",
					"$(inherited)",
				);
				GCC_PREPROCESSOR_DEFINITIONS = (
					"DEBUG=1",
					"$(inherited)",
				);
				INFOPLIST_FILE = Tests/Info.plist;
				LD_RUNPATH_SEARCH_PATHS = "$(inherited) @executable_path/Frameworks @loader_path/Frameworks";
				PRODUCT_BUNDLE_IDENTIFIER = "org.cocoapods.$(PRODUCT_NAME:rfc1034identifier)";
				PRODUCT_NAME = "$(TARGET_NAME)";
			};
			name = Debug;
		};
		607FACF41AFB9204008FA782 /* Release */ = {
			isa = XCBuildConfiguration;
			baseConfigurationReference = 2C5FDFCD09858FE3D897F8C9 /* Pods-AJZoomViewController_Tests.release.xcconfig */;
			buildSettings = {
				FRAMEWORK_SEARCH_PATHS = (
					"$(SDKROOT)/Developer/Library/Frameworks",
					"$(inherited)",
				);
				INFOPLIST_FILE = Tests/Info.plist;
				LD_RUNPATH_SEARCH_PATHS = "$(inherited) @executable_path/Frameworks @loader_path/Frameworks";
				PRODUCT_BUNDLE_IDENTIFIER = "org.cocoapods.$(PRODUCT_NAME:rfc1034identifier)";
				PRODUCT_NAME = "$(TARGET_NAME)";
			};
			name = Release;
		};
/* End XCBuildConfiguration section */

/* Begin XCConfigurationList section */
		607FACCB1AFB9204008FA782 /* Build configuration list for PBXProject "AJZoomViewController" */ = {
			isa = XCConfigurationList;
			buildConfigurations = (
				607FACED1AFB9204008FA782 /* Debug */,
				607FACEE1AFB9204008FA782 /* Release */,
			);
			defaultConfigurationIsVisible = 0;
			defaultConfigurationName = Release;
		};
		607FACEF1AFB9204008FA782 /* Build configuration list for PBXNativeTarget "AJZoomViewController_Example" */ = {
			isa = XCConfigurationList;
			buildConfigurations = (
				607FACF01AFB9204008FA782 /* Debug */,
				607FACF11AFB9204008FA782 /* Release */,
			);
			defaultConfigurationIsVisible = 0;
			defaultConfigurationName = Release;
		};
		607FACF21AFB9204008FA782 /* Build configuration list for PBXNativeTarget "AJZoomViewController_Tests" */ = {
			isa = XCConfigurationList;
			buildConfigurations = (
				607FACF31AFB9204008FA782 /* Debug */,
				607FACF41AFB9204008FA782 /* Release */,
			);
			defaultConfigurationIsVisible = 0;
			defaultConfigurationName = Release;
		};
/* End XCConfigurationList section */
	};
	rootObject = 607FACC81AFB9204008FA782 /* Project object */;
}
